
Microsoft Visual Studio Solution File, Format Version 12.00
# Visual Studio Version 16
VisualStudioVersion = 16.0.32228.343
MinimumVisualStudioVersion = 10.0.40219.1
Project("{FAE04EC0-301F-11D3-BF4B-00C04F79EFBC}") = "salaryApp", "salaryApp\salaryApp.csproj", "{553238A7-47BE-4C5C-A964-FE2E064347CF}"
EndProject
Global
	GlobalSection(SolutionConfigurationPlatforms) = preSolution
		Debug|Any CPU = Debug|Any CPU
		Release|Any CPU = Release|Any CPU
	EndGlobalSection
	GlobalSection(ProjectConfigurationPlatforms) = postSolution
		{553238A7-47BE-4C5C-A964-FE2E064347CF}.Debug|Any CPU.ActiveCfg = Debug|Any CPU
		{553238A7-47BE-4C5C-A964-FE2E064347CF}.Debug|Any CPU.Build.0 = Debug|Any CPU
		{553238A7-47BE-4C5C-A964-FE2E064347CF}.Release|Any CPU.ActiveCfg = Release|Any CPU
		{553238A7-47BE-4C5C-A964-FE2E064347CF}.Release|Any CPU.Build.0 = Release|Any CPU
	EndGlobalSection
	GlobalSection(SolutionProperties) = preSolution
		HideSolutionNode = FALSE
	EndGlobalSection
	GlobalSection(ExtensibilityGlobals) = postSolution
		SolutionGuid = {55FC2114-45A6-4944-9E19-25934BFF5F9E}
	EndGlobalSection
EndGlobal
